// !$*UTF8*$!
{
	archiveVersion = 1;
	classes = {
	};
	objectVersion = 50;
	objects = {

/* Begin PBXBuildFile section */
		3760DFD22231705D00F05133 /* AppDelegate.m in Sources */ = {isa = PBXBuildFile; fileRef = 3760DFD12231705D00F05133 /* AppDelegate.m */; };
		3760DFD52231705D00F05133 /* ViewController.m in Sources */ = {isa = PBXBuildFile; fileRef = 3760DFD42231705D00F05133 /* ViewController.m */; };
		3760DFD82231705D00F05133 /* Main.storyboard in Resources */ = {isa = PBXBuildFile; fileRef = 3760DFD62231705D00F05133 /* Main.storyboard */; };
		3760DFDA2231705E00F05133 /* Assets.xcassets in Resources */ = {isa = PBXBuildFile; fileRef = 3760DFD92231705E00F05133 /* Assets.xcassets */; };
		3760DFDD2231705E00F05133 /* LaunchScreen.storyboard in Resources */ = {isa = PBXBuildFile; fileRef = 3760DFDB2231705E00F05133 /* LaunchScreen.storyboard */; };
		3760DFE02231705E00F05133 /* main.m in Sources */ = {isa = PBXBuildFile; fileRef = 3760DFDF2231705E00F05133 /* main.m */; };
/* End PBXBuildFile section */

/* Begin PBXFileReference section */
		3760DFCD2231705D00F05133 /* playam-objc.app */ = {isa = PBXFileReference; explicitFileType = wrapper.application; includeInIndex = 0; path = "playam-objc.app"; sourceTree = BUILT_PRODUCTS_DIR; };
		3760DFD02231705D00F05133 /* AppDelegate.h */ = {isa = PBXFileReference; lastKnownFileType = sourcecode.c.h; path = AppDelegate.h; sourceTree = "<group>"; };
		3760DFD12231705D00F05133 /* AppDelegate.m */ = {isa = PBXFileReference; lastKnownFileType = sourcecode.c.objc; path = AppDelegate.m; sourceTree = "<group>"; };
		3760DFD32231705D00F05133 /* ViewController.h */ = {isa = PBXFileReference; lastKnownFileType = sourcecode.c.h; path = ViewController.h; sourceTree = "<group>"; };
		3760DFD42231705D00F05133 /* ViewController.m */ = {isa = PBXFileReference; lastKnownFileType = sourcecode.c.objc; path = ViewController.m; sourceTree = "<group>"; };
		3760DFD72231705D00F05133 /* Base */ = {isa = PBXFileReference; lastKnownFileType = file.storyboard; name = Base; path = Base.lproj/Main.storyboard; sourceTree = "<group>"; };
		3760DFD92231705E00F05133 /* Assets.xcassets */ = {isa = PBXFileReference; lastKnownFileType = folder.assetcatalog; path = Assets.xcassets; sourceTree = "<group>"; };
		3760DFDC2231705E00F05133 /* Base */ = {isa = PBXFileReference; lastKnownFileType = file.storyboard; name = Base; path = Base.lproj/LaunchScreen.storyboard; sourceTree = "<group>"; };
		3760DFDE2231705E00F05133 /* Info.plist */ = {isa = PBXFileReference; lastKnownFileType = text.plist.xml; path = Info.plist; sourceTree = "<group>"; };
		3760DFDF2231705E00F05133 /* main.m */ = {isa = PBXFileReference; lastKnownFileType = sourcecode.c.objc; path = main.m; sourceTree = "<group>"; };
/* End PBXFileReference section */

/* Begin PBXFrameworksBuildPhase section */
		3760DFCA2231705D00F05133 /* Frameworks */ = {
			isa = PBXFrameworksBuildPhase;
			buildActionMask = 2147483647;
			files = (
			);
			runOnlyForDeploymentPostprocessing = 0;
		};
/* End PBXFrameworksBuildPhase section */

/* Begin PBXGroup section */
		3760DFC42231705D00F05133 = {
			isa = PBXGroup;
			children = (
				3760DFCF2231705D00F05133 /* playam-objc */,
				3760DFCE2231705D00F05133 /* Products */,
			);
			sourceTree = "<group>";
		};
		3760DFCE2231705D00F05133 /* Products */ = {
			isa = PBXGroup;
			children = (
				3760DFCD2231705D00F05133 /* playam-objc.app */,
			);
			name = Products;
			sourceTree = "<group>";
		};
		3760DFCF2231705D00F05133 /* playam-objc */ = {
			isa = PBXGroup;
			children = (
				3760DFD02231705D00F05133 /* AppDelegate.h */,
				3760DFD12231705D00F05133 /* AppDelegate.m */,
				3760DFD32231705D00F05133 /* ViewController.h */,
				3760DFD42231705D00F05133 /* ViewController.m */,
				3760DFD62231705D00F05133 /* Main.storyboard */,
				3760DFD92231705E00F05133 /* Assets.xcassets */,
				3760DFDB2231705E00F05133 /* LaunchScreen.storyboard */,
				3760DFDE2231705E00F05133 /* Info.plist */,
				3760DFDF2231705E00F05133 /* main.m */,
			);
			path = "playam-objc";
			sourceTree = "<group>";
		};
/* End PBXGroup section */

/* Begin PBXNativeTarget section */
		3760DFCC2231705D00F05133 /* playam-objc */ = {
			isa = PBXNativeTarget;
			buildConfigurationList = 3760DFE32231705E00F05133 /* Build configuration list for PBXNativeTarget "playam-objc" */;
			buildPhases = (
				3760DFC92231705D00F05133 /* Sources */,
				3760DFCA2231705D00F05133 /* Frameworks */,
				3760DFCB2231705D00F05133 /* Resources */,
			);
			buildRules = (
			);
			dependencies = (
			);
			name = "playam-objc";
			productName = "playam-objc";
			productReference = 3760DFCD2231705D00F05133 /* playam-objc.app */;
			productType = "com.apple.product-type.application";
		};
/* End PBXNativeTarget section */

/* Begin PBXProject section */
		3760DFC52231705D00F05133 /* Project object */ = {
			isa = PBXProject;
			attributes = {
				LastUpgradeCheck = 1010;
				ORGANIZATIONNAME = "Greg Rynkowski";
				TargetAttributes = {
					3760DFCC2231705D00F05133 = {
						CreatedOnToolsVersion = 10.1;
					};
				};
			};
			buildConfigurationList = 3760DFC82231705D00F05133 /* Build configuration list for PBXProject "playam-objc" */;
			compatibilityVersion = "Xcode 9.3";
			developmentRegion = en;
			hasScannedForEncodings = 0;
			knownRegions = (
				en,
				Base,
			);
			mainGroup = 3760DFC42231705D00F05133;
			productRefGroup = 3760DFCE2231705D00F05133 /* Products */;
			projectDirPath = "";
			projectRoot = "";
			targets = (
				3760DFCC2231705D00F05133 /* playam-objc */,
			);
		};
/* End PBXProject section */

/* Begin PBXResourcesBuildPhase section */
		3760DFCB2231705D00F05133 /* Resources */ = {
			isa = PBXResourcesBuildPhase;
			buildActionMask = 2147483647;
			files = (
				3760DFDD2231705E00F05133 /* LaunchScreen.storyboard in Resources */,
				3760DFDA2231705E00F05133 /* Assets.xcassets in Resources */,
				3760DFD82231705D00F05133 /* Main.storyboard in Resources */,
			);
			runOnlyForDeploymentPostprocessing = 0;
		};
/* End PBXResourcesBuildPhase section */

/* Begin PBXSourcesBuildPhase section */
		3760DFC92231705D00F05133 /* Sources */ = {
			isa = PBXSourcesBuildPhase;
			buildActionMask = 2147483647;
			files = (
				3760DFD52231705D00F05133 /* ViewController.m in Sources */,
				3760DFE02231705E00F05133 /* main.m in Sources */,
				3760DFD22231705D00F05133 /* AppDelegate.m in Sources */,
			);
			runOnlyForDeploymentPostprocessing = 0;
		};
/* End PBXSourcesBuildPhase section */

/* Begin PBXVariantGroup section */
		3760DFD62231705D00F05133 /* Main.storyboard */ = {
			isa = PBXVariantGroup;
			children = (
				3760DFD72231705D00F05133 /* Base */,
			);
			name = Main.storyboard;
			sourceTree = "<group>";
		};
		3760DFDB2231705E00F05133 /* LaunchScreen.storyboard */ = {
			isa = PBXVariantGroup;
			children = (
				3760DFDC2231705E00F05133 /* Base */,
			);
			name = LaunchScreen.storyboard;
			sourceTree = "<group>";
		};
/* End PBXVariantGroup section */

/* Begin XCBuildConfiguration section */
		3760DFE12231705E00F05133 /* Debug */ = {
			isa = XCBuildConfiguration;
			buildSettings = {
				ALWAYS_SEARCH_USER_PATHS = NO;
				CLANG_ANALYZER_NONNULL = YES;
				CLANG_ANALYZER_NUMBER_OBJECT_CONVERSION = YES_AGGRESSIVE;
				CLANG_CXX_LANGUAGE_STANDARD = "gnu++14";
				CLANG_CXX_LIBRARY = "libc++";
				CLANG_ENABLE_MODULES = YES;
				CLANG_ENABLE_OBJC_ARC = YES;
				CLANG_ENABLE_OBJC_WEAK = YES;
				CLANG_WARN_BLOCK_CAPTURE_AUTORELEASING = YES;
				CLANG_WARN_BOOL_CONVERSION = YES;
				CLANG_WARN_COMMA = YES;
				CLANG_WARN_CONSTANT_CONVERSION = YES;
				CLANG_WARN_DEPRECATED_OBJC_IMPLEMENTATIONS = YES;
				CLANG_WARN_DIRECT_OBJC_ISA_USAGE = YES_ERROR;
				CLANG_WARN_DOCUMENTATION_COMMENTS = YES;
				CLANG_WARN_EMPTY_BODY = YES;
				CLANG_WARN_ENUM_CONVERSION = YES;
				CLANG_WARN_INFINITE_RECURSION = YES;
				CLANG_WARN_INT_CONVERSION = YES;
				CLANG_WARN_NON_LITERAL_NULL_CONVERSION = YES;
				CLANG_WARN_OBJC_IMPLICIT_RETAIN_SELF = YES;
				CLANG_WARN_OBJC_LITERAL_CONVERSION = YES;
				CLANG_WARN_OBJC_ROOT_CLASS = YES_ERROR;
				CLANG_WARN_RANGE_LOOP_ANALYSIS = YES;
				CLANG_WARN_STRICT_PROTOTYPES = YES;
				CLANG_WARN_SUSPICIOUS_MOVE = YES;
				CLANG_WARN_UNGUARDED_AVAILABILITY = YES_AGGRESSIVE;
				CLANG_WARN_UNREACHABLE_CODE = YES;
				CLANG_WARN__DUPLICATE_METHOD_MATCH = YES;
				CODE_SIGN_IDENTITY = "iPhone Developer";
				COPY_PHASE_STRIP = NO;
				DEBUG_INFORMATION_FORMAT = dwarf;
				ENABLE_STRICT_OBJC_MSGSEND = YES;
				ENABLE_TESTABILITY = YES;
				GCC_C_LANGUAGE_STANDARD = gnu11;
				GCC_DYNAMIC_NO_PIC = NO;
				GCC_NO_COMMON_BLOCKS = YES;
				GCC_OPTIMIZATION_LEVEL = 0;
				GCC_PREPROCESSOR_DEFINITIONS = (
					"DEBUG=1",
					"$(inherited)",
				);
				GCC_WARN_64_TO_32_BIT_CONVERSION = YES;
				GCC_WARN_ABOUT_RETURN_TYPE = YES_ERROR;
				GCC_WARN_UNDECLARED_SELECTOR = YES;
				GCC_WARN_UNINITIALIZED_AUTOS = YES_AGGRESSIVE;
				GCC_WARN_UNUSED_FUNCTION = YES;
				GCC_WARN_UNUSED_VARIABLE = YES;
				IPHONEOS_DEPLOYMENT_TARGET = 12.1;
				MTL_ENABLE_DEBUG_INFO = INCLUDE_SOURCE;
				MTL_FAST_MATH = YES;
				ONLY_ACTIVE_ARCH = YES;
				SDKROOT = iphoneos;
			};
			name = Debug;
		};
		3760DFE22231705E00F05133 /* Release */ = {
			isa = XCBuildConfiguration;
			buildSettings = {
				ALWAYS_SEARCH_USER_PATHS = NO;
				CLANG_ANALYZER_NONNULL = YES;
				CLANG_ANALYZER_NUMBER_OBJECT_CONVERSION = YES_AGGRESSIVE;
				CLANG_CXX_LANGUAGE_STANDARD = "gnu++14";
				CLANG_CXX_LIBRARY = "libc++";
				CLANG_ENABLE_MODULES = YES;
				CLANG_ENABLE_OBJC_ARC = YES;
				CLANG_ENABLE_OBJC_WEAK = YES;
				CLANG_WARN_BLOCK_CAPTURE_AUTORELEASING = YES;
				CLANG_WARN_BOOL_CONVERSION = YES;
				CLANG_WARN_COMMA = YES;
				CLANG_WARN_CONSTANT_CONVERSION = YES;
				CLANG_WARN_DEPRECATED_OBJC_IMPLEMENTATIONS = YES;
				CLANG_WARN_DIRECT_OBJC_ISA_USAGE = YES_ERROR;
				CLANG_WARN_DOCUMENTATION_COMMENTS = YES;
				CLANG_WARN_EMPTY_BODY = YES;
				CLANG_WARN_ENUM_CONVERSION = YES;
				CLANG_WARN_INFINITE_RECURSION = YES;
				CLANG_WARN_INT_CONVERSION = YES;
				CLANG_WARN_NON_LITERAL_NULL_CONVERSION = YES;
				CLANG_WARN_OBJC_IMPLICIT_RETAIN_SELF = YES;
				CLANG_WARN_OBJC_LITERAL_CONVERSION = YES;
				CLANG_WARN_OBJC_ROOT_CLASS = YES_ERROR;
				CLANG_WARN_RANGE_LOOP_ANALYSIS = YES;
				CLANG_WARN_STRICT_PROTOTYPES = YES;
				CLANG_WARN_SUSPICIOUS_MOVE = YES;
				CLANG_WARN_UNGUARDED_AVAILABILITY = YES_AGGRESSIVE;
				CLANG_WARN_UNREACHABLE_CODE = YES;
				CLANG_WARN__DUPLICATE_METHOD_MATCH = YES;
				CODE_SIGN_IDENTITY = "iPhone Developer";
				COPY_PHASE_STRIP = NO;
				DEBUG_INFORMATION_FORMAT = "dwarf-with-dsym";
				ENABLE_NS_ASSERTIONS = NO;
				ENABLE_STRICT_OBJC_MSGSEND = YES;
				GCC_C_LANGUAGE_STANDARD = gnu11;
				GCC_NO_COMMON_BLOCKS = YES;
				GCC_WARN_64_TO_32_BIT_CONVERSION = YES;
				GCC_WARN_ABOUT_RETURN_TYPE = YES_ERROR;
				GCC_WARN_UNDECLARED_SELECTOR = YES;
				GCC_WARN_UNINITIALIZED_AUTOS = YES_AGGRESSIVE;
				GCC_WARN_UNUSED_FUNCTION = YES;
				GCC_WARN_UNUSED_VARIABLE = YES;
				IPHONEOS_DEPLOYMENT_TARGET = 12.1;
				MTL_ENABLE_DEBUG_INFO = NO;
				MTL_FAST_MATH = YES;
				SDKROOT = iphoneos;
				VALIDATE_PRODUCT = YES;
			};
			name = Release;
		};
		3760DFE42231705E00F05133 /* Debug */ = {
			isa = XCBuildConfiguration;
			buildSettings = {
				ASSETCATALOG_COMPILER_APPICON_NAME = AppIcon;
				CODE_SIGN_STYLE = Automatic;
				DEVELOPMENT_TEAM = Y4YM8X8J8Y;
				INFOPLIST_FILE = "playam-objc/Info.plist";
				LD_RUNPATH_SEARCH_PATHS = (
					"$(inherited)",
					"@executable_path/Frameworks",
				);
				PRODUCT_BUNDLE_IDENTIFIER = "com.twobuffers.playam-objc";
				PRODUCT_NAME = "$(TARGET_NAME)";
				TARGETED_DEVICE_FAMILY = "1,2";
			};
			name = Debug;
		};
		3760DFE52231705E00F05133 /* Release */ = {
			isa = XCBuildConfiguration;
			buildSettings = {
				ASSETCATALOG_COMPILER_APPICON_NAME = AppIcon;
				CODE_SIGN_STYLE = Automatic;
				DEVELOPMENT_TEAM = Y4YM8X8J8Y;
				INFOPLIST_FILE = "playam-objc/Info.plist";
				LD_RUNPATH_SEARCH_PATHS = (
					"$(inherited)",
					"@executable_path/Frameworks",
				);
				PRODUCT_BUNDLE_IDENTIFIER = "com.twobuffers.playam-objc";
				PRODUCT_NAME = "$(TARGET_NAME)";
				TARGETED_DEVICE_FAMILY = "1,2";
			};
			name = Release;
		};
/* End XCBuildConfiguration section */

/* Begin XCConfigurationList section */
		3760DFC82231705D00F05133 /* Build configuration list for PBXProject "playam-objc" */ = {
			isa = XCConfigurationList;
			buildConfigurations = (
				3760DFE12231705E00F05133 /* Debug */,
				3760DFE22231705E00F05133 /* Release */,
			);
			defaultConfigurationIsVisible = 0;
			defaultConfigurationName = Release;
		};
		3760DFE32231705E00F05133 /* Build configuration list for PBXNativeTarget "playam-objc" */ = {
			isa = XCConfigurationList;
			buildConfigurations = (
				3760DFE42231705E00F05133 /* Debug */,
				3760DFE52231705E00F05133 /* Release */,
			);
			defaultConfigurationIsVisible = 0;
			defaultConfigurationName = Release;
		};
/* End XCConfigurationList section */
	};
	rootObject = 3760DFC52231705D00F05133 /* Project object */;
}
